
Microsoft Visual Studio Solution File, Format Version 12.00
# Visual Studio Version 16
VisualStudioVersion = 16.0.29009.5
MinimumVisualStudioVersion = 10.0.40219.1
Project("{FAE04EC0-301F-11D3-BF4B-00C04F79EFBC}") = "Infraestructura", "Infraestructura\Infraestructura.csproj", "{51AAFAA9-53B6-462F-80FA-AFF2E0855633}"
EndProject
Global
	GlobalSection(SolutionConfigurationPlatforms) = preSolution
		Debug|Any CPU = Debug|Any CPU
		Release|Any CPU = Release|Any CPU
	EndGlobalSection
	GlobalSection(ProjectConfigurationPlatforms) = postSolution
		{51AAFAA9-53B6-462F-80FA-AFF2E0855633}.Debug|Any CPU.ActiveCfg = Debug|Any CPU
		{51AAFAA9-53B6-462F-80FA-AFF2E0855633}.Debug|Any CPU.Build.0 = Debug|Any CPU
		{51AAFAA9-53B6-462F-80FA-AFF2E0855633}.Release|Any CPU.ActiveCfg = Release|Any CPU
		{51AAFAA9-53B6-462F-80FA-AFF2E0855633}.Release|Any CPU.Build.0 = Release|Any CPU
	EndGlobalSection
	GlobalSection(SolutionProperties) = preSolution
		HideSolutionNode = FALSE
	EndGlobalSection
	GlobalSection(ExtensibilityGlobals) = postSolution
		SolutionGuid = {1703459F-5A2F-490E-8319-5B9EAA16CE64}
	EndGlobalSection
EndGlobal
